
Microsoft Visual Studio Solution File, Format Version 12.00
# Visual Studio Version 17
VisualStudioVersion = 17.9.34902.65
MinimumVisualStudioVersion = 10.0.40219.1
Project("{FAE04EC0-301F-11D3-BF4B-00C04F79EFBC}") = "Animations", "Animations\Animations.csproj", "{36E12B72-E9BA-44E2-B1B4-E15AD214583B}"
EndProject
Global
	GlobalSection(SolutionConfigurationPlatforms) = preSolution
		Debug|Any CPU = Debug|Any CPU
		Release|Any CPU = Release|Any CPU
	EndGlobalSection
	GlobalSection(ProjectConfigurationPlatforms) = postSolution
		{36E12B72-E9BA-44E2-B1B4-E15AD214583B}.Debug|Any CPU.ActiveCfg = Debug|Any CPU
		{36E12B72-E9BA-44E2-B1B4-E15AD214583B}.Debug|Any CPU.Build.0 = Debug|Any CPU
		{36E12B72-E9BA-44E2-B1B4-E15AD214583B}.Debug|Any CPU.Deploy.0 = Debug|Any CPU
		{36E12B72-E9BA-44E2-B1B4-E15AD214583B}.Release|Any CPU.ActiveCfg = Release|Any CPU
		{36E12B72-E9BA-44E2-B1B4-E15AD214583B}.Release|Any CPU.Build.0 = Release|Any CPU
		{36E12B72-E9BA-44E2-B1B4-E15AD214583B}.Release|Any CPU.Deploy.0 = Release|Any CPU
	EndGlobalSection
	GlobalSection(SolutionProperties) = preSolution
		HideSolutionNode = FALSE
	EndGlobalSection
	GlobalSection(ExtensibilityGlobals) = postSolution
		SolutionGuid = {37CF89F6-0381-4F6A-8888-39F8D32332DB}
	EndGlobalSection
EndGlobal
